// !$*UTF8*$!
{
	archiveVersion = 1;
	classes = {
	};
	objectVersion = 50;
	objects = {

/* Begin PBXBuildFile section */
		2088A0DC3E007AE101ACA728 /* libPods-Project Red.a in Frameworks */ = {isa = PBXBuildFile; fileRef = 6F213FD29DF547D5027F6DBE /* libPods-Project Red.a */; };
		9331306F23F90079006C3332 /* (null) in Embed Frameworks */ = {isa = PBXBuildFile; settings = {ATTRIBUTES = (CodeSignOnCopy, RemoveHeadersOnCopy, ); }; };
		9331307823F91176006C3332 /* default-v0.realm in Resources */ = {isa = PBXBuildFile; fileRef = 9331307723F91176006C3332 /* default-v0.realm */; };
		9360392B23FBAAC700FC0BAF /* Constants.swift in Sources */ = {isa = PBXBuildFile; fileRef = 9360392A23FBAAC700FC0BAF /* Constants.swift */; };
		93BBCDA823DC23E1001708CB /* AppDelegate.swift in Sources */ = {isa = PBXBuildFile; fileRef = 93BBCDA723DC23E1001708CB /* AppDelegate.swift */; };
		93BBCDAA23DC23E1001708CB /* SceneDelegate.swift in Sources */ = {isa = PBXBuildFile; fileRef = 93BBCDA923DC23E1001708CB /* SceneDelegate.swift */; };
		93BBCDAC23DC23E1001708CB /* CounterViewController.swift in Sources */ = {isa = PBXBuildFile; fileRef = 93BBCDAB23DC23E1001708CB /* CounterViewController.swift */; };
		93BBCDAF23DC23E1001708CB /* Main.storyboard in Resources */ = {isa = PBXBuildFile; fileRef = 93BBCDAD23DC23E1001708CB /* Main.storyboard */; };
		93BBCDB123DC23E2001708CB /* Assets.xcassets in Resources */ = {isa = PBXBuildFile; fileRef = 93BBCDB023DC23E2001708CB /* Assets.xcassets */; };
		93BBCDB423DC23E2001708CB /* LaunchScreen.storyboard in Resources */ = {isa = PBXBuildFile; fileRef = 93BBCDB223DC23E2001708CB /* LaunchScreen.storyboard */; };
		93BBCDBD23DC2C96001708CB /* PokedexViewController.swift in Sources */ = {isa = PBXBuildFile; fileRef = 93BBCDBC23DC2C96001708CB /* PokedexViewController.swift */; };
		93BBCDC323DCC6C9001708CB /* Pokemon.swift in Sources */ = {isa = PBXBuildFile; fileRef = 93BBCDC223DCC6C9001708CB /* Pokemon.swift */; };
/* End PBXBuildFile section */

/* Begin PBXCopyFilesBuildPhase section */
		9331307023F90079006C3332 /* Embed Frameworks */ = {
			isa = PBXCopyFilesBuildPhase;
			buildActionMask = 2147483647;
			dstPath = "";
			dstSubfolderSpec = 10;
			files = (
				9331306F23F90079006C3332 /* (null) in Embed Frameworks */,
			);
			name = "Embed Frameworks";
			runOnlyForDeploymentPostprocessing = 0;
		};
/* End PBXCopyFilesBuildPhase section */

/* Begin PBXFileReference section */
		5991C32BEDF489EF7BB9F025 /* Pods-Project Red.release.xcconfig */ = {isa = PBXFileReference; includeInIndex = 1; lastKnownFileType = text.xcconfig; name = "Pods-Project Red.release.xcconfig"; path = "Target Support Files/Pods-Project Red/Pods-Project Red.release.xcconfig"; sourceTree = "<group>"; };
		6F213FD29DF547D5027F6DBE /* libPods-Project Red.a */ = {isa = PBXFileReference; explicitFileType = archive.ar; includeInIndex = 0; path = "libPods-Project Red.a"; sourceTree = BUILT_PRODUCTS_DIR; };
		805F4679345CF867C15BCFF8 /* Pods-Project Red.debug.xcconfig */ = {isa = PBXFileReference; includeInIndex = 1; lastKnownFileType = text.xcconfig; name = "Pods-Project Red.debug.xcconfig"; path = "Target Support Files/Pods-Project Red/Pods-Project Red.debug.xcconfig"; sourceTree = "<group>"; };
		93243F7D23F8F47E00108025 /* Realm.framework */ = {isa = PBXFileReference; explicitFileType = wrapper.framework; path = Realm.framework; sourceTree = BUILT_PRODUCTS_DIR; };
		93243F8323F8F50600108025 /* Realm.framework */ = {isa = PBXFileReference; explicitFileType = wrapper.framework; path = Realm.framework; sourceTree = BUILT_PRODUCTS_DIR; };
		9331303223F8FBF3006C3332 /* RealmSwift.framework */ = {isa = PBXFileReference; lastKnownFileType = wrapper.framework; name = RealmSwift.framework; path = "../../../Downloads/realm-swift-4.3.2/ios/swift-11.3/RealmSwift.framework"; sourceTree = "<group>"; };
		9331303323F8FBF3006C3332 /* Realm.framework */ = {isa = PBXFileReference; lastKnownFileType = wrapper.framework; name = Realm.framework; path = "../../../Downloads/realm-swift-4.3.2/ios/swift-11.3/Realm.framework"; sourceTree = "<group>"; };
		9331304C23F8FDFB006C3332 /* Realm.framework */ = {isa = PBXFileReference; explicitFileType = wrapper.framework; path = Realm.framework; sourceTree = BUILT_PRODUCTS_DIR; };
		9331304D23F8FDFB006C3332 /* RealmSwift.framework */ = {isa = PBXFileReference; explicitFileType = wrapper.framework; path = RealmSwift.framework; sourceTree = BUILT_PRODUCTS_DIR; };
		9331305523F8FE7F006C3332 /* Realm.framework */ = {isa = PBXFileReference; explicitFileType = wrapper.framework; path = Realm.framework; sourceTree = BUILT_PRODUCTS_DIR; };
		9331305623F8FE7F006C3332 /* RealmSwift.framework */ = {isa = PBXFileReference; explicitFileType = wrapper.framework; path = RealmSwift.framework; sourceTree = BUILT_PRODUCTS_DIR; };
		9331305C23F8FEE5006C3332 /* Realm.framework */ = {isa = PBXFileReference; explicitFileType = wrapper.framework; path = Realm.framework; sourceTree = BUILT_PRODUCTS_DIR; };
		9331305E23F8FEE5006C3332 /* RealmSwift.framework */ = {isa = PBXFileReference; explicitFileType = wrapper.framework; path = RealmSwift.framework; sourceTree = BUILT_PRODUCTS_DIR; };
		9331307723F91176006C3332 /* default-v0.realm */ = {isa = PBXFileReference; lastKnownFileType = file; name = "default-v0.realm"; path = "../../../../Desktop/default-v0.realm"; sourceTree = "<group>"; };
		9360392A23FBAAC700FC0BAF /* Constants.swift */ = {isa = PBXFileReference; lastKnownFileType = sourcecode.swift; path = Constants.swift; sourceTree = "<group>"; };
		93BBCDA423DC23E1001708CB /* Project Red.app */ = {isa = PBXFileReference; explicitFileType = wrapper.application; includeInIndex = 0; path = "Project Red.app"; sourceTree = BUILT_PRODUCTS_DIR; };
		93BBCDA723DC23E1001708CB /* AppDelegate.swift */ = {isa = PBXFileReference; lastKnownFileType = sourcecode.swift; path = AppDelegate.swift; sourceTree = "<group>"; };
		93BBCDA923DC23E1001708CB /* SceneDelegate.swift */ = {isa = PBXFileReference; lastKnownFileType = sourcecode.swift; path = SceneDelegate.swift; sourceTree = "<group>"; };
		93BBCDAB23DC23E1001708CB /* CounterViewController.swift */ = {isa = PBXFileReference; lastKnownFileType = sourcecode.swift; path = CounterViewController.swift; sourceTree = "<group>"; };
		93BBCDAE23DC23E1001708CB /* Base */ = {isa = PBXFileReference; lastKnownFileType = file.storyboard; name = Base; path = Base.lproj/Main.storyboard; sourceTree = "<group>"; };
		93BBCDB023DC23E2001708CB /* Assets.xcassets */ = {isa = PBXFileReference; lastKnownFileType = folder.assetcatalog; path = Assets.xcassets; sourceTree = "<group>"; };
		93BBCDB323DC23E2001708CB /* Base */ = {isa = PBXFileReference; lastKnownFileType = file.storyboard; name = Base; path = Base.lproj/LaunchScreen.storyboard; sourceTree = "<group>"; };
		93BBCDB523DC23E2001708CB /* Info.plist */ = {isa = PBXFileReference; lastKnownFileType = text.plist.xml; path = Info.plist; sourceTree = "<group>"; };
		93BBCDBC23DC2C96001708CB /* PokedexViewController.swift */ = {isa = PBXFileReference; lastKnownFileType = sourcecode.swift; path = PokedexViewController.swift; sourceTree = "<group>"; };
		93BBCDC223DCC6C9001708CB /* Pokemon.swift */ = {isa = PBXFileReference; lastKnownFileType = sourcecode.swift; path = Pokemon.swift; sourceTree = "<group>"; };
/* End PBXFileReference section */

/* Begin PBXFrameworksBuildPhase section */
		93BBCDA123DC23E1001708CB /* Frameworks */ = {
			isa = PBXFrameworksBuildPhase;
			buildActionMask = 2147483647;
			files = (
				2088A0DC3E007AE101ACA728 /* libPods-Project Red.a in Frameworks */,
			);
			runOnlyForDeploymentPostprocessing = 0;
		};
/* End PBXFrameworksBuildPhase section */

/* Begin PBXGroup section */
		3A0869280982D34746B634C2 /* Frameworks */ = {
			isa = PBXGroup;
			children = (
				9331305C23F8FEE5006C3332 /* Realm.framework */,
				9331305E23F8FEE5006C3332 /* RealmSwift.framework */,
				9331305523F8FE7F006C3332 /* Realm.framework */,
				9331305623F8FE7F006C3332 /* RealmSwift.framework */,
				9331304C23F8FDFB006C3332 /* Realm.framework */,
				9331304D23F8FDFB006C3332 /* RealmSwift.framework */,
				93243F8323F8F50600108025 /* Realm.framework */,
				93243F7D23F8F47E00108025 /* Realm.framework */,
				9331303323F8FBF3006C3332 /* Realm.framework */,
				9331303223F8FBF3006C3332 /* RealmSwift.framework */,
				6F213FD29DF547D5027F6DBE /* libPods-Project Red.a */,
			);
			name = Frameworks;
			sourceTree = "<group>";
		};
		715C1D399AF5DCDE5CB9B951 /* Pods */ = {
			isa = PBXGroup;
			children = (
				805F4679345CF867C15BCFF8 /* Pods-Project Red.debug.xcconfig */,
				5991C32BEDF489EF7BB9F025 /* Pods-Project Red.release.xcconfig */,
			);
			path = Pods;
			sourceTree = "<group>";
		};
		93BBCD9B23DC23E1001708CB = {
			isa = PBXGroup;
			children = (
				93BBCDA623DC23E1001708CB /* Project Red */,
				93BBCDA523DC23E1001708CB /* Products */,
				715C1D399AF5DCDE5CB9B951 /* Pods */,
				3A0869280982D34746B634C2 /* Frameworks */,
			);
			sourceTree = "<group>";
		};
		93BBCDA523DC23E1001708CB /* Products */ = {
			isa = PBXGroup;
			children = (
				93BBCDA423DC23E1001708CB /* Project Red.app */,
			);
			name = Products;
			sourceTree = "<group>";
		};
		93BBCDA623DC23E1001708CB /* Project Red */ = {
			isa = PBXGroup;
			children = (
				9331307723F91176006C3332 /* default-v0.realm */,
				93BBCDBE23DC30F9001708CB /* Models */,
				93BBCDC123DCC0C3001708CB /* View */,
				93BBCDBB23DC2C58001708CB /* Controllers */,
				93BBCDA723DC23E1001708CB /* AppDelegate.swift */,
				93BBCDA923DC23E1001708CB /* SceneDelegate.swift */,
				93BBCDB023DC23E2001708CB /* Assets.xcassets */,
				93BBCDB223DC23E2001708CB /* LaunchScreen.storyboard */,
				93BBCDB523DC23E2001708CB /* Info.plist */,
				9360392A23FBAAC700FC0BAF /* Constants.swift */,
			);
			path = "Project Red";
			sourceTree = "<group>";
		};
		93BBCDBB23DC2C58001708CB /* Controllers */ = {
			isa = PBXGroup;
			children = (
				93BBCDAB23DC23E1001708CB /* CounterViewController.swift */,
				93BBCDBC23DC2C96001708CB /* PokedexViewController.swift */,
			);
			path = Controllers;
			sourceTree = "<group>";
		};
		93BBCDBE23DC30F9001708CB /* Models */ = {
			isa = PBXGroup;
			children = (
				93BBCDC223DCC6C9001708CB /* Pokemon.swift */,
			);
			path = Models;
			sourceTree = "<group>";
		};
		93BBCDC123DCC0C3001708CB /* View */ = {
			isa = PBXGroup;
			children = (
				93BBCDAD23DC23E1001708CB /* Main.storyboard */,
			);
			path = View;
			sourceTree = "<group>";
		};
/* End PBXGroup section */

/* Begin PBXNativeTarget section */
		93BBCDA323DC23E1001708CB /* Project Red */ = {
			isa = PBXNativeTarget;
			buildConfigurationList = 93BBCDB823DC23E2001708CB /* Build configuration list for PBXNativeTarget "Project Red" */;
			buildPhases = (
				6955767D98705340518C2951 /* [CP] Check Pods Manifest.lock */,
				93BBCDA023DC23E1001708CB /* Sources */,
				93BBCDA123DC23E1001708CB /* Frameworks */,
				93BBCDA223DC23E1001708CB /* Resources */,
				9331307023F90079006C3332 /* Embed Frameworks */,
			);
			buildRules = (
			);
			dependencies = (
			);
			name = "Project Red";
			productName = "Project Red";
			productReference = 93BBCDA423DC23E1001708CB /* Project Red.app */;
			productType = "com.apple.product-type.application";
		};
/* End PBXNativeTarget section */

/* Begin PBXProject section */
		93BBCD9C23DC23E1001708CB /* Project object */ = {
			isa = PBXProject;
			attributes = {
				LastSwiftUpdateCheck = 1130;
				LastUpgradeCheck = 1130;
				ORGANIZATIONNAME = "Aaron Suarez";
				TargetAttributes = {
					93BBCDA323DC23E1001708CB = {
						CreatedOnToolsVersion = 11.3.1;
					};
				};
			};
			buildConfigurationList = 93BBCD9F23DC23E1001708CB /* Build configuration list for PBXProject "Project Red" */;
			compatibilityVersion = "Xcode 9.3";
			developmentRegion = en;
			hasScannedForEncodings = 0;
			knownRegions = (
				en,
				Base,
			);
			mainGroup = 93BBCD9B23DC23E1001708CB;
			productRefGroup = 93BBCDA523DC23E1001708CB /* Products */;
			projectDirPath = "";
			projectRoot = "";
			targets = (
				93BBCDA323DC23E1001708CB /* Project Red */,
			);
		};
/* End PBXProject section */

/* Begin PBXResourcesBuildPhase section */
		93BBCDA223DC23E1001708CB /* Resources */ = {
			isa = PBXResourcesBuildPhase;
			buildActionMask = 2147483647;
			files = (
				93BBCDB423DC23E2001708CB /* LaunchScreen.storyboard in Resources */,
				93BBCDB123DC23E2001708CB /* Assets.xcassets in Resources */,
				93BBCDAF23DC23E1001708CB /* Main.storyboard in Resources */,
				9331307823F91176006C3332 /* default-v0.realm in Resources */,
			);
			runOnlyForDeploymentPostprocessing = 0;
		};
/* End PBXResourcesBuildPhase section */

/* Begin PBXShellScriptBuildPhase section */
		6955767D98705340518C2951 /* [CP] Check Pods Manifest.lock */ = {
			isa = PBXShellScriptBuildPhase;
			buildActionMask = 2147483647;
			files = (
			);
			inputFileListPaths = (
			);
			inputPaths = (
				"${PODS_PODFILE_DIR_PATH}/Podfile.lock",
				"${PODS_ROOT}/Manifest.lock",
			);
			name = "[CP] Check Pods Manifest.lock";
			outputFileListPaths = (
			);
			outputPaths = (
				"$(DERIVED_FILE_DIR)/Pods-Project Red-checkManifestLockResult.txt",
			);
			runOnlyForDeploymentPostprocessing = 0;
			shellPath = /bin/sh;
			shellScript = "diff \"${PODS_PODFILE_DIR_PATH}/Podfile.lock\" \"${PODS_ROOT}/Manifest.lock\" > /dev/null\nif [ $? != 0 ] ; then\n    # print error to STDERR\n    echo \"error: The sandbox is not in sync with the Podfile.lock. Run 'pod install' or update your CocoaPods installation.\" >&2\n    exit 1\nfi\n# This output is used by Xcode 'outputs' to avoid re-running this script phase.\necho \"SUCCESS\" > \"${SCRIPT_OUTPUT_FILE_0}\"\n";
			showEnvVarsInLog = 0;
		};
/* End PBXShellScriptBuildPhase section */

/* Begin PBXSourcesBuildPhase section */
		93BBCDA023DC23E1001708CB /* Sources */ = {
			isa = PBXSourcesBuildPhase;
			buildActionMask = 2147483647;
			files = (
				93BBCDBD23DC2C96001708CB /* PokedexViewController.swift in Sources */,
				93BBCDAC23DC23E1001708CB /* CounterViewController.swift in Sources */,
				93BBCDA823DC23E1001708CB /* AppDelegate.swift in Sources */,
				9360392B23FBAAC700FC0BAF /* Constants.swift in Sources */,
				93BBCDAA23DC23E1001708CB /* SceneDelegate.swift in Sources */,
				93BBCDC323DCC6C9001708CB /* Pokemon.swift in Sources */,
			);
			runOnlyForDeploymentPostprocessing = 0;
		};
/* End PBXSourcesBuildPhase section */

/* Begin PBXVariantGroup section */
		93BBCDAD23DC23E1001708CB /* Main.storyboard */ = {
			isa = PBXVariantGroup;
			children = (
				93BBCDAE23DC23E1001708CB /* Base */,
			);
			name = Main.storyboard;
			sourceTree = "<group>";
		};
		93BBCDB223DC23E2001708CB /* LaunchScreen.storyboard */ = {
			isa = PBXVariantGroup;
			children = (
				93BBCDB323DC23E2001708CB /* Base */,
			);
			name = LaunchScreen.storyboard;
			sourceTree = "<group>";
		};
/* End PBXVariantGroup section */

/* Begin XCBuildConfiguration section */
		93BBCDB623DC23E2001708CB /* Debug */ = {
			isa = XCBuildConfiguration;
			buildSettings = {
				ALWAYS_SEARCH_USER_PATHS = NO;
				CLANG_ANALYZER_NONNULL = YES;
				CLANG_ANALYZER_NUMBER_OBJECT_CONVERSION = YES_AGGRESSIVE;
				CLANG_CXX_LANGUAGE_STANDARD = "gnu++14";
				CLANG_CXX_LIBRARY = "libc++";
				CLANG_ENABLE_MODULES = YES;
				CLANG_ENABLE_OBJC_ARC = YES;
				CLANG_ENABLE_OBJC_WEAK = YES;
				CLANG_WARN_BLOCK_CAPTURE_AUTORELEASING = YES;
				CLANG_WARN_BOOL_CONVERSION = YES;
				CLANG_WARN_COMMA = YES;
				CLANG_WARN_CONSTANT_CONVERSION = YES;
				CLANG_WARN_DEPRECATED_OBJC_IMPLEMENTATIONS = YES;
				CLANG_WARN_DIRECT_OBJC_ISA_USAGE = YES_ERROR;
				CLANG_WARN_DOCUMENTATION_COMMENTS = YES;
				CLANG_WARN_EMPTY_BODY = YES;
				CLANG_WARN_ENUM_CONVERSION = YES;
				CLANG_WARN_INFINITE_RECURSION = YES;
				CLANG_WARN_INT_CONVERSION = YES;
				CLANG_WARN_NON_LITERAL_NULL_CONVERSION = YES;
				CLANG_WARN_OBJC_IMPLICIT_RETAIN_SELF = YES;
				CLANG_WARN_OBJC_LITERAL_CONVERSION = YES;
				CLANG_WARN_OBJC_ROOT_CLASS = YES_ERROR;
				CLANG_WARN_RANGE_LOOP_ANALYSIS = YES;
				CLANG_WARN_STRICT_PROTOTYPES = YES;
				CLANG_WARN_SUSPICIOUS_MOVE = YES;
				CLANG_WARN_UNGUARDED_AVAILABILITY = YES_AGGRESSIVE;
				CLANG_WARN_UNREACHABLE_CODE = YES;
				CLANG_WARN__DUPLICATE_METHOD_MATCH = YES;
				COPY_PHASE_STRIP = NO;
				DEBUG_INFORMATION_FORMAT = dwarf;
				ENABLE_STRICT_OBJC_MSGSEND = YES;
				ENABLE_TESTABILITY = YES;
				GCC_C_LANGUAGE_STANDARD = gnu11;
				GCC_DYNAMIC_NO_PIC = NO;
				GCC_NO_COMMON_BLOCKS = YES;
				GCC_OPTIMIZATION_LEVEL = 0;
				GCC_PREPROCESSOR_DEFINITIONS = (
					"DEBUG=1",
					"$(inherited)",
				);
				GCC_WARN_64_TO_32_BIT_CONVERSION = YES;
				GCC_WARN_ABOUT_RETURN_TYPE = YES_ERROR;
				GCC_WARN_UNDECLARED_SELECTOR = YES;
				GCC_WARN_UNINITIALIZED_AUTOS = YES_AGGRESSIVE;
				GCC_WARN_UNUSED_FUNCTION = YES;
				GCC_WARN_UNUSED_VARIABLE = YES;
				IPHONEOS_DEPLOYMENT_TARGET = 13.2;
				MTL_ENABLE_DEBUG_INFO = INCLUDE_SOURCE;
				MTL_FAST_MATH = YES;
				ONLY_ACTIVE_ARCH = YES;
				SDKROOT = iphoneos;
				SWIFT_ACTIVE_COMPILATION_CONDITIONS = DEBUG;
				SWIFT_OPTIMIZATION_LEVEL = "-Onone";
			};
			name = Debug;
		};
		93BBCDB723DC23E2001708CB /* Release */ = {
			isa = XCBuildConfiguration;
			buildSettings = {
				ALWAYS_SEARCH_USER_PATHS = NO;
				CLANG_ANALYZER_NONNULL = YES;
				CLANG_ANALYZER_NUMBER_OBJECT_CONVERSION = YES_AGGRESSIVE;
				CLANG_CXX_LANGUAGE_STANDARD = "gnu++14";
				CLANG_CXX_LIBRARY = "libc++";
				CLANG_ENABLE_MODULES = YES;
				CLANG_ENABLE_OBJC_ARC = YES;
				CLANG_ENABLE_OBJC_WEAK = YES;
				CLANG_WARN_BLOCK_CAPTURE_AUTORELEASING = YES;
				CLANG_WARN_BOOL_CONVERSION = YES;
				CLANG_WARN_COMMA = YES;
				CLANG_WARN_CONSTANT_CONVERSION = YES;
				CLANG_WARN_DEPRECATED_OBJC_IMPLEMENTATIONS = YES;
				CLANG_WARN_DIRECT_OBJC_ISA_USAGE = YES_ERROR;
				CLANG_WARN_DOCUMENTATION_COMMENTS = YES;
				CLANG_WARN_EMPTY_BODY = YES;
				CLANG_WARN_ENUM_CONVERSION = YES;
				CLANG_WARN_INFINITE_RECURSION = YES;
				CLANG_WARN_INT_CONVERSION = YES;
				CLANG_WARN_NON_LITERAL_NULL_CONVERSION = YES;
				CLANG_WARN_OBJC_IMPLICIT_RETAIN_SELF = YES;
				CLANG_WARN_OBJC_LITERAL_CONVERSION = YES;
				CLANG_WARN_OBJC_ROOT_CLASS = YES_ERROR;
				CLANG_WARN_RANGE_LOOP_ANALYSIS = YES;
				CLANG_WARN_STRICT_PROTOTYPES = YES;
				CLANG_WARN_SUSPICIOUS_MOVE = YES;
				CLANG_WARN_UNGUARDED_AVAILABILITY = YES_AGGRESSIVE;
				CLANG_WARN_UNREACHABLE_CODE = YES;
				CLANG_WARN__DUPLICATE_METHOD_MATCH = YES;
				COPY_PHASE_STRIP = NO;
				DEBUG_INFORMATION_FORMAT = "dwarf-with-dsym";
				ENABLE_NS_ASSERTIONS = NO;
				ENABLE_STRICT_OBJC_MSGSEND = YES;
				GCC_C_LANGUAGE_STANDARD = gnu11;
				GCC_NO_COMMON_BLOCKS = YES;
				GCC_WARN_64_TO_32_BIT_CONVERSION = YES;
				GCC_WARN_ABOUT_RETURN_TYPE = YES_ERROR;
				GCC_WARN_UNDECLARED_SELECTOR = YES;
				GCC_WARN_UNINITIALIZED_AUTOS = YES_AGGRESSIVE;
				GCC_WARN_UNUSED_FUNCTION = YES;
				GCC_WARN_UNUSED_VARIABLE = YES;
				IPHONEOS_DEPLOYMENT_TARGET = 13.2;
				MTL_ENABLE_DEBUG_INFO = NO;
				MTL_FAST_MATH = YES;
				SDKROOT = iphoneos;
				SWIFT_COMPILATION_MODE = wholemodule;
				SWIFT_OPTIMIZATION_LEVEL = "-O";
				VALIDATE_PRODUCT = YES;
			};
			name = Release;
		};
		93BBCDB923DC23E2001708CB /* Debug */ = {
			isa = XCBuildConfiguration;
			baseConfigurationReference = 805F4679345CF867C15BCFF8 /* Pods-Project Red.debug.xcconfig */;
			buildSettings = {
				ASSETCATALOG_COMPILER_APPICON_NAME = AppIcon;
				CODE_SIGN_STYLE = Automatic;
				DEVELOPMENT_TEAM = 4Q432VAH28;
				INFOPLIST_FILE = "Project Red/Info.plist";
				LD_RUNPATH_SEARCH_PATHS = (
					"$(inherited)",
					"@executable_path/Frameworks",
				);
				PRODUCT_BUNDLE_IDENTIFIER = "com.aaronsuarez.Project-Red";
				PRODUCT_NAME = "$(TARGET_NAME)";
				SWIFT_VERSION = 5.0;
				TARGETED_DEVICE_FAMILY = "1,2";
			};
			name = Debug;
		};
		93BBCDBA23DC23E2001708CB /* Release */ = {
			isa = XCBuildConfiguration;
			baseConfigurationReference = 5991C32BEDF489EF7BB9F025 /* Pods-Project Red.release.xcconfig */;
			buildSettings = {
				ASSETCATALOG_COMPILER_APPICON_NAME = AppIcon;
				CODE_SIGN_STYLE = Automatic;
				DEVELOPMENT_TEAM = 4Q432VAH28;
				FRAMEWORK_SEARCH_PATHS = (
					"$(inherited)",
					"\"${PODS_CONFIGURATION_BUILD_DIR}/Realm\"",
					"\"${PODS_CONFIGURATION_BUILD_DIR}/RealmSwift\"",
				);
				INFOPLIST_FILE = "Project Red/Info.plist";
				LD_RUNPATH_SEARCH_PATHS = (
					"$(inherited)",
					"@executable_path/Frameworks",
				);
				PRODUCT_BUNDLE_IDENTIFIER = "com.aaronsuarez.Project-Red";
				PRODUCT_NAME = "$(TARGET_NAME)";
				SWIFT_VERSION = 5.0;
				TARGETED_DEVICE_FAMILY = "1,2";
			};
			name = Release;
		};
/* End XCBuildConfiguration section */

/* Begin XCConfigurationList section */
		93BBCD9F23DC23E1001708CB /* Build configuration list for PBXProject "Project Red" */ = {
			isa = XCConfigurationList;
			buildConfigurations = (
				93BBCDB623DC23E2001708CB /* Debug */,
				93BBCDB723DC23E2001708CB /* Release */,
			);
			defaultConfigurationIsVisible = 0;
			defaultConfigurationName = Release;
		};
		93BBCDB823DC23E2001708CB /* Build configuration list for PBXNativeTarget "Project Red" */ = {
			isa = XCConfigurationList;
			buildConfigurations = (
				93BBCDB923DC23E2001708CB /* Debug */,
				93BBCDBA23DC23E2001708CB /* Release */,
			);
			defaultConfigurationIsVisible = 0;
			defaultConfigurationName = Release;
		};
/* End XCConfigurationList section */
	};
	rootObject = 93BBCD9C23DC23E1001708CB /* Project object */;
}
